// !$*UTF8*$!
{
	archiveVersion = 1;
	classes = {
	};
	objectVersion = 55;
	objects = {

/* Begin PBXBuildFile section */
		174C592C27D5303900C4A8A6 /* imc_table.jpeg in Resources */ = {isa = PBXBuildFile; fileRef = 174C592B27D5303900C4A8A6 /* imc_table.jpeg */; };
		174C592E27D5328D00C4A8A6 /* CalcIMC.swift in Sources */ = {isa = PBXBuildFile; fileRef = 174C592D27D5328D00C4A8A6 /* CalcIMC.swift */; };
		174C593027D53B0000C4A8A6 /* ResultViewController.swift in Sources */ = {isa = PBXBuildFile; fileRef = 174C592F27D53B0000C4A8A6 /* ResultViewController.swift */; };
		17DD1A3127D52D01008BDDFB /* AppDelegate.swift in Sources */ = {isa = PBXBuildFile; fileRef = 17DD1A3027D52D01008BDDFB /* AppDelegate.swift */; };
		17DD1A3327D52D01008BDDFB /* SceneDelegate.swift in Sources */ = {isa = PBXBuildFile; fileRef = 17DD1A3227D52D01008BDDFB /* SceneDelegate.swift */; };
		17DD1A3527D52D01008BDDFB /* ViewController.swift in Sources */ = {isa = PBXBuildFile; fileRef = 17DD1A3427D52D01008BDDFB /* ViewController.swift */; };
		17DD1A3827D52D01008BDDFB /* Main.storyboard in Resources */ = {isa = PBXBuildFile; fileRef = 17DD1A3627D52D01008BDDFB /* Main.storyboard */; };
		17DD1A3A27D52D03008BDDFB /* Assets.xcassets in Resources */ = {isa = PBXBuildFile; fileRef = 17DD1A3927D52D03008BDDFB /* Assets.xcassets */; };
		17DD1A3D27D52D03008BDDFB /* LaunchScreen.storyboard in Resources */ = {isa = PBXBuildFile; fileRef = 17DD1A3B27D52D03008BDDFB /* LaunchScreen.storyboard */; };
		17DD1A4827D52D03008BDDFB /* IMC_CalcTests.swift in Sources */ = {isa = PBXBuildFile; fileRef = 17DD1A4727D52D03008BDDFB /* IMC_CalcTests.swift */; };
		17DD1A5227D52D03008BDDFB /* IMC_CalcUITests.swift in Sources */ = {isa = PBXBuildFile; fileRef = 17DD1A5127D52D03008BDDFB /* IMC_CalcUITests.swift */; };
		17DD1A5427D52D03008BDDFB /* IMC_CalcUITestsLaunchTests.swift in Sources */ = {isa = PBXBuildFile; fileRef = 17DD1A5327D52D03008BDDFB /* IMC_CalcUITestsLaunchTests.swift */; };
/* End PBXBuildFile section */

/* Begin PBXContainerItemProxy section */
		17DD1A4427D52D03008BDDFB /* PBXContainerItemProxy */ = {
			isa = PBXContainerItemProxy;
			containerPortal = 17DD1A2527D52D01008BDDFB /* Project object */;
			proxyType = 1;
			remoteGlobalIDString = 17DD1A2C27D52D01008BDDFB;
			remoteInfo = "IMC-Calc";
		};
		17DD1A4E27D52D03008BDDFB /* PBXContainerItemProxy */ = {
			isa = PBXContainerItemProxy;
			containerPortal = 17DD1A2527D52D01008BDDFB /* Project object */;
			proxyType = 1;
			remoteGlobalIDString = 17DD1A2C27D52D01008BDDFB;
			remoteInfo = "IMC-Calc";
		};
/* End PBXContainerItemProxy section */

/* Begin PBXFileReference section */
		174C592B27D5303900C4A8A6 /* imc_table.jpeg */ = {isa = PBXFileReference; lastKnownFileType = image.jpeg; path = imc_table.jpeg; sourceTree = "<group>"; };
		174C592D27D5328D00C4A8A6 /* CalcIMC.swift */ = {isa = PBXFileReference; lastKnownFileType = sourcecode.swift; path = CalcIMC.swift; sourceTree = "<group>"; };
		174C592F27D53B0000C4A8A6 /* ResultViewController.swift */ = {isa = PBXFileReference; lastKnownFileType = sourcecode.swift; path = ResultViewController.swift; sourceTree = "<group>"; };
		17DD1A2D27D52D01008BDDFB /* IMC-Calc.app */ = {isa = PBXFileReference; explicitFileType = wrapper.application; includeInIndex = 0; path = "IMC-Calc.app"; sourceTree = BUILT_PRODUCTS_DIR; };
		17DD1A3027D52D01008BDDFB /* AppDelegate.swift */ = {isa = PBXFileReference; lastKnownFileType = sourcecode.swift; path = AppDelegate.swift; sourceTree = "<group>"; };
		17DD1A3227D52D01008BDDFB /* SceneDelegate.swift */ = {isa = PBXFileReference; lastKnownFileType = sourcecode.swift; path = SceneDelegate.swift; sourceTree = "<group>"; };
		17DD1A3427D52D01008BDDFB /* ViewController.swift */ = {isa = PBXFileReference; lastKnownFileType = sourcecode.swift; path = ViewController.swift; sourceTree = "<group>"; };
		17DD1A3727D52D01008BDDFB /* Base */ = {isa = PBXFileReference; lastKnownFileType = file.storyboard; name = Base; path = Base.lproj/Main.storyboard; sourceTree = "<group>"; };
		17DD1A3927D52D03008BDDFB /* Assets.xcassets */ = {isa = PBXFileReference; lastKnownFileType = folder.assetcatalog; path = Assets.xcassets; sourceTree = "<group>"; };
		17DD1A3C27D52D03008BDDFB /* Base */ = {isa = PBXFileReference; lastKnownFileType = file.storyboard; name = Base; path = Base.lproj/LaunchScreen.storyboard; sourceTree = "<group>"; };
		17DD1A3E27D52D03008BDDFB /* Info.plist */ = {isa = PBXFileReference; lastKnownFileType = text.plist.xml; path = Info.plist; sourceTree = "<group>"; };
		17DD1A4327D52D03008BDDFB /* IMC-CalcTests.xctest */ = {isa = PBXFileReference; explicitFileType = wrapper.cfbundle; includeInIndex = 0; path = "IMC-CalcTests.xctest"; sourceTree = BUILT_PRODUCTS_DIR; };
		17DD1A4727D52D03008BDDFB /* IMC_CalcTests.swift */ = {isa = PBXFileReference; lastKnownFileType = sourcecode.swift; path = IMC_CalcTests.swift; sourceTree = "<group>"; };
		17DD1A4D27D52D03008BDDFB /* IMC-CalcUITests.xctest */ = {isa = PBXFileReference; explicitFileType = wrapper.cfbundle; includeInIndex = 0; path = "IMC-CalcUITests.xctest"; sourceTree = BUILT_PRODUCTS_DIR; };
		17DD1A5127D52D03008BDDFB /* IMC_CalcUITests.swift */ = {isa = PBXFileReference; lastKnownFileType = sourcecode.swift; path = IMC_CalcUITests.swift; sourceTree = "<group>"; };
		17DD1A5327D52D03008BDDFB /* IMC_CalcUITestsLaunchTests.swift */ = {isa = PBXFileReference; lastKnownFileType = sourcecode.swift; path = IMC_CalcUITestsLaunchTests.swift; sourceTree = "<group>"; };
/* End PBXFileReference section */

/* Begin PBXFrameworksBuildPhase section */
		17DD1A2A27D52D01008BDDFB /* Frameworks */ = {
			isa = PBXFrameworksBuildPhase;
			buildActionMask = 2147483647;
			files = (
			);
			runOnlyForDeploymentPostprocessing = 0;
		};
		17DD1A4027D52D03008BDDFB /* Frameworks */ = {
			isa = PBXFrameworksBuildPhase;
			buildActionMask = 2147483647;
			files = (
			);
			runOnlyForDeploymentPostprocessing = 0;
		};
		17DD1A4A27D52D03008BDDFB /* Frameworks */ = {
			isa = PBXFrameworksBuildPhase;
			buildActionMask = 2147483647;
			files = (
			);
			runOnlyForDeploymentPostprocessing = 0;
		};
/* End PBXFrameworksBuildPhase section */

/* Begin PBXGroup section */
		174C592A27D5302D00C4A8A6 /* img */ = {
			isa = PBXGroup;
			children = (
				174C592B27D5303900C4A8A6 /* imc_table.jpeg */,
			);
			path = img;
			sourceTree = "<group>";
		};
		17DD1A2427D52D01008BDDFB = {
			isa = PBXGroup;
			children = (
				17DD1A2F27D52D01008BDDFB /* IMC-Calc */,
				17DD1A4627D52D03008BDDFB /* IMC-CalcTests */,
				17DD1A5027D52D03008BDDFB /* IMC-CalcUITests */,
				17DD1A2E27D52D01008BDDFB /* Products */,
			);
			sourceTree = "<group>";
		};
		17DD1A2E27D52D01008BDDFB /* Products */ = {
			isa = PBXGroup;
			children = (
				17DD1A2D27D52D01008BDDFB /* IMC-Calc.app */,
				17DD1A4327D52D03008BDDFB /* IMC-CalcTests.xctest */,
				17DD1A4D27D52D03008BDDFB /* IMC-CalcUITests.xctest */,
			);
			name = Products;
			sourceTree = "<group>";
		};
		17DD1A2F27D52D01008BDDFB /* IMC-Calc */ = {
			isa = PBXGroup;
			children = (
				174C592A27D5302D00C4A8A6 /* img */,
				17DD1A3027D52D01008BDDFB /* AppDelegate.swift */,
				17DD1A3227D52D01008BDDFB /* SceneDelegate.swift */,
				17DD1A3427D52D01008BDDFB /* ViewController.swift */,
				174C592F27D53B0000C4A8A6 /* ResultViewController.swift */,
				174C592D27D5328D00C4A8A6 /* CalcIMC.swift */,
				17DD1A3627D52D01008BDDFB /* Main.storyboard */,
				17DD1A3927D52D03008BDDFB /* Assets.xcassets */,
				17DD1A3B27D52D03008BDDFB /* LaunchScreen.storyboard */,
				17DD1A3E27D52D03008BDDFB /* Info.plist */,
			);
			path = "IMC-Calc";
			sourceTree = "<group>";
		};
		17DD1A4627D52D03008BDDFB /* IMC-CalcTests */ = {
			isa = PBXGroup;
			children = (
				17DD1A4727D52D03008BDDFB /* IMC_CalcTests.swift */,
			);
			path = "IMC-CalcTests";
			sourceTree = "<group>";
		};
		17DD1A5027D52D03008BDDFB /* IMC-CalcUITests */ = {
			isa = PBXGroup;
			children = (
				17DD1A5127D52D03008BDDFB /* IMC_CalcUITests.swift */,
				17DD1A5327D52D03008BDDFB /* IMC_CalcUITestsLaunchTests.swift */,
			);
			path = "IMC-CalcUITests";
			sourceTree = "<group>";
		};
/* End PBXGroup section */

/* Begin PBXNativeTarget section */
		17DD1A2C27D52D01008BDDFB /* IMC-Calc */ = {
			isa = PBXNativeTarget;
			buildConfigurationList = 17DD1A5727D52D03008BDDFB /* Build configuration list for PBXNativeTarget "IMC-Calc" */;
			buildPhases = (
				17DD1A2927D52D01008BDDFB /* Sources */,
				17DD1A2A27D52D01008BDDFB /* Frameworks */,
				17DD1A2B27D52D01008BDDFB /* Resources */,
			);
			buildRules = (
			);
			dependencies = (
			);
			name = "IMC-Calc";
			productName = "IMC-Calc";
			productReference = 17DD1A2D27D52D01008BDDFB /* IMC-Calc.app */;
			productType = "com.apple.product-type.application";
		};
		17DD1A4227D52D03008BDDFB /* IMC-CalcTests */ = {
			isa = PBXNativeTarget;
			buildConfigurationList = 17DD1A5A27D52D03008BDDFB /* Build configuration list for PBXNativeTarget "IMC-CalcTests" */;
			buildPhases = (
				17DD1A3F27D52D03008BDDFB /* Sources */,
				17DD1A4027D52D03008BDDFB /* Frameworks */,
				17DD1A4127D52D03008BDDFB /* Resources */,
			);
			buildRules = (
			);
			dependencies = (
				17DD1A4527D52D03008BDDFB /* PBXTargetDependency */,
			);
			name = "IMC-CalcTests";
			productName = "IMC-CalcTests";
			productReference = 17DD1A4327D52D03008BDDFB /* IMC-CalcTests.xctest */;
			productType = "com.apple.product-type.bundle.unit-test";
		};
		17DD1A4C27D52D03008BDDFB /* IMC-CalcUITests */ = {
			isa = PBXNativeTarget;
			buildConfigurationList = 17DD1A5D27D52D03008BDDFB /* Build configuration list for PBXNativeTarget "IMC-CalcUITests" */;
			buildPhases = (
				17DD1A4927D52D03008BDDFB /* Sources */,
				17DD1A4A27D52D03008BDDFB /* Frameworks */,
				17DD1A4B27D52D03008BDDFB /* Resources */,
			);
			buildRules = (
			);
			dependencies = (
				17DD1A4F27D52D03008BDDFB /* PBXTargetDependency */,
			);
			name = "IMC-CalcUITests";
			productName = "IMC-CalcUITests";
			productReference = 17DD1A4D27D52D03008BDDFB /* IMC-CalcUITests.xctest */;
			productType = "com.apple.product-type.bundle.ui-testing";
		};
/* End PBXNativeTarget section */

/* Begin PBXProject section */
		17DD1A2527D52D01008BDDFB /* Project object */ = {
			isa = PBXProject;
			attributes = {
				BuildIndependentTargetsInParallel = 1;
				LastSwiftUpdateCheck = 1320;
				LastUpgradeCheck = 1320;
				TargetAttributes = {
					17DD1A2C27D52D01008BDDFB = {
						CreatedOnToolsVersion = 13.2.1;
					};
					17DD1A4227D52D03008BDDFB = {
						CreatedOnToolsVersion = 13.2.1;
						TestTargetID = 17DD1A2C27D52D01008BDDFB;
					};
					17DD1A4C27D52D03008BDDFB = {
						CreatedOnToolsVersion = 13.2.1;
						TestTargetID = 17DD1A2C27D52D01008BDDFB;
					};
				};
			};
			buildConfigurationList = 17DD1A2827D52D01008BDDFB /* Build configuration list for PBXProject "IMC-Calc" */;
			compatibilityVersion = "Xcode 13.0";
			developmentRegion = en;
			hasScannedForEncodings = 0;
			knownRegions = (
				en,
				Base,
			);
			mainGroup = 17DD1A2427D52D01008BDDFB;
			productRefGroup = 17DD1A2E27D52D01008BDDFB /* Products */;
			projectDirPath = "";
			projectRoot = "";
			targets = (
				17DD1A2C27D52D01008BDDFB /* IMC-Calc */,
				17DD1A4227D52D03008BDDFB /* IMC-CalcTests */,
				17DD1A4C27D52D03008BDDFB /* IMC-CalcUITests */,
			);
		};
/* End PBXProject section */

/* Begin PBXResourcesBuildPhase section */
		17DD1A2B27D52D01008BDDFB /* Resources */ = {
			isa = PBXResourcesBuildPhase;
			buildActionMask = 2147483647;
			files = (
				17DD1A3D27D52D03008BDDFB /* LaunchScreen.storyboard in Resources */,
				17DD1A3A27D52D03008BDDFB /* Assets.xcassets in Resources */,
				174C592C27D5303900C4A8A6 /* imc_table.jpeg in Resources */,
				17DD1A3827D52D01008BDDFB /* Main.storyboard in Resources */,
			);
			runOnlyForDeploymentPostprocessing = 0;
		};
		17DD1A4127D52D03008BDDFB /* Resources */ = {
			isa = PBXResourcesBuildPhase;
			buildActionMask = 2147483647;
			files = (
			);
			runOnlyForDeploymentPostprocessing = 0;
		};
		17DD1A4B27D52D03008BDDFB /* Resources */ = {
			isa = PBXResourcesBuildPhase;
			buildActionMask = 2147483647;
			files = (
			);
			runOnlyForDeploymentPostprocessing = 0;
		};
/* End PBXResourcesBuildPhase section */

/* Begin PBXSourcesBuildPhase section */
		17DD1A2927D52D01008BDDFB /* Sources */ = {
			isa = PBXSourcesBuildPhase;
			buildActionMask = 2147483647;
			files = (
				174C593027D53B0000C4A8A6 /* ResultViewController.swift in Sources */,
				174C592E27D5328D00C4A8A6 /* CalcIMC.swift in Sources */,
				17DD1A3527D52D01008BDDFB /* ViewController.swift in Sources */,
				17DD1A3127D52D01008BDDFB /* AppDelegate.swift in Sources */,
				17DD1A3327D52D01008BDDFB /* SceneDelegate.swift in Sources */,
			);
			runOnlyForDeploymentPostprocessing = 0;
		};
		17DD1A3F27D52D03008BDDFB /* Sources */ = {
			isa = PBXSourcesBuildPhase;
			buildActionMask = 2147483647;
			files = (
				17DD1A4827D52D03008BDDFB /* IMC_CalcTests.swift in Sources */,
			);
			runOnlyForDeploymentPostprocessing = 0;
		};
		17DD1A4927D52D03008BDDFB /* Sources */ = {
			isa = PBXSourcesBuildPhase;
			buildActionMask = 2147483647;
			files = (
				17DD1A5427D52D03008BDDFB /* IMC_CalcUITestsLaunchTests.swift in Sources */,
				17DD1A5227D52D03008BDDFB /* IMC_CalcUITests.swift in Sources */,
			);
			runOnlyForDeploymentPostprocessing = 0;
		};
/* End PBXSourcesBuildPhase section */

/* Begin PBXTargetDependency section */
		17DD1A4527D52D03008BDDFB /* PBXTargetDependency */ = {
			isa = PBXTargetDependency;
			target = 17DD1A2C27D52D01008BDDFB /* IMC-Calc */;
			targetProxy = 17DD1A4427D52D03008BDDFB /* PBXContainerItemProxy */;
		};
		17DD1A4F27D52D03008BDDFB /* PBXTargetDependency */ = {
			isa = PBXTargetDependency;
			target = 17DD1A2C27D52D01008BDDFB /* IMC-Calc */;
			targetProxy = 17DD1A4E27D52D03008BDDFB /* PBXContainerItemProxy */;
		};
/* End PBXTargetDependency section */

/* Begin PBXVariantGroup section */
		17DD1A3627D52D01008BDDFB /* Main.storyboard */ = {
			isa = PBXVariantGroup;
			children = (
				17DD1A3727D52D01008BDDFB /* Base */,
			);
			name = Main.storyboard;
			sourceTree = "<group>";
		};
		17DD1A3B27D52D03008BDDFB /* LaunchScreen.storyboard */ = {
			isa = PBXVariantGroup;
			children = (
				17DD1A3C27D52D03008BDDFB /* Base */,
			);
			name = LaunchScreen.storyboard;
			sourceTree = "<group>";
		};
/* End PBXVariantGroup section */

/* Begin XCBuildConfiguration section */
		17DD1A5527D52D03008BDDFB /* Debug */ = {
			isa = XCBuildConfiguration;
			buildSettings = {
				ALWAYS_SEARCH_USER_PATHS = NO;
				CLANG_ANALYZER_NONNULL = YES;
				CLANG_ANALYZER_NUMBER_OBJECT_CONVERSION = YES_AGGRESSIVE;
				CLANG_CXX_LANGUAGE_STANDARD = "gnu++17";
				CLANG_CXX_LIBRARY = "libc++";
				CLANG_ENABLE_MODULES = YES;
				CLANG_ENABLE_OBJC_ARC = YES;
				CLANG_ENABLE_OBJC_WEAK = YES;
				CLANG_WARN_BLOCK_CAPTURE_AUTORELEASING = YES;
				CLANG_WARN_BOOL_CONVERSION = YES;
				CLANG_WARN_COMMA = YES;
				CLANG_WARN_CONSTANT_CONVERSION = YES;
				CLANG_WARN_DEPRECATED_OBJC_IMPLEMENTATIONS = YES;
				CLANG_WARN_DIRECT_OBJC_ISA_USAGE = YES_ERROR;
				CLANG_WARN_DOCUMENTATION_COMMENTS = YES;
				CLANG_WARN_EMPTY_BODY = YES;
				CLANG_WARN_ENUM_CONVERSION = YES;
				CLANG_WARN_INFINITE_RECURSION = YES;
				CLANG_WARN_INT_CONVERSION = YES;
				CLANG_WARN_NON_LITERAL_NULL_CONVERSION = YES;
				CLANG_WARN_OBJC_IMPLICIT_RETAIN_SELF = YES;
				CLANG_WARN_OBJC_LITERAL_CONVERSION = YES;
				CLANG_WARN_OBJC_ROOT_CLASS = YES_ERROR;
				CLANG_WARN_QUOTED_INCLUDE_IN_FRAMEWORK_HEADER = YES;
				CLANG_WARN_RANGE_LOOP_ANALYSIS = YES;
				CLANG_WARN_STRICT_PROTOTYPES = YES;
				CLANG_WARN_SUSPICIOUS_MOVE = YES;
				CLANG_WARN_UNGUARDED_AVAILABILITY = YES_AGGRESSIVE;
				CLANG_WARN_UNREACHABLE_CODE = YES;
				CLANG_WARN__DUPLICATE_METHOD_MATCH = YES;
				COPY_PHASE_STRIP = NO;
				DEBUG_INFORMATION_FORMAT = dwarf;
				ENABLE_STRICT_OBJC_MSGSEND = YES;
				ENABLE_TESTABILITY = YES;
				GCC_C_LANGUAGE_STANDARD = gnu11;
				GCC_DYNAMIC_NO_PIC = NO;
				GCC_NO_COMMON_BLOCKS = YES;
				GCC_OPTIMIZATION_LEVEL = 0;
				GCC_PREPROCESSOR_DEFINITIONS = (
					"DEBUG=1",
					"$(inherited)",
				);
				GCC_WARN_64_TO_32_BIT_CONVERSION = YES;
				GCC_WARN_ABOUT_RETURN_TYPE = YES_ERROR;
				GCC_WARN_UNDECLARED_SELECTOR = YES;
				GCC_WARN_UNINITIALIZED_AUTOS = YES_AGGRESSIVE;
				GCC_WARN_UNUSED_FUNCTION = YES;
				GCC_WARN_UNUSED_VARIABLE = YES;
				IPHONEOS_DEPLOYMENT_TARGET = 15.2;
				MTL_ENABLE_DEBUG_INFO = INCLUDE_SOURCE;
				MTL_FAST_MATH = YES;
				ONLY_ACTIVE_ARCH = YES;
				SDKROOT = iphoneos;
				SWIFT_ACTIVE_COMPILATION_CONDITIONS = DEBUG;
				SWIFT_OPTIMIZATION_LEVEL = "-Onone";
			};
			name = Debug;
		};
		17DD1A5627D52D03008BDDFB /* Release */ = {
			isa = XCBuildConfiguration;
			buildSettings = {
				ALWAYS_SEARCH_USER_PATHS = NO;
				CLANG_ANALYZER_NONNULL = YES;
				CLANG_ANALYZER_NUMBER_OBJECT_CONVERSION = YES_AGGRESSIVE;
				CLANG_CXX_LANGUAGE_STANDARD = "gnu++17";
				CLANG_CXX_LIBRARY = "libc++";
				CLANG_ENABLE_MODULES = YES;
				CLANG_ENABLE_OBJC_ARC = YES;
				CLANG_ENABLE_OBJC_WEAK = YES;
				CLANG_WARN_BLOCK_CAPTURE_AUTORELEASING = YES;
				CLANG_WARN_BOOL_CONVERSION = YES;
				CLANG_WARN_COMMA = YES;
				CLANG_WARN_CONSTANT_CONVERSION = YES;
				CLANG_WARN_DEPRECATED_OBJC_IMPLEMENTATIONS = YES;
				CLANG_WARN_DIRECT_OBJC_ISA_USAGE = YES_ERROR;
				CLANG_WARN_DOCUMENTATION_COMMENTS = YES;
				CLANG_WARN_EMPTY_BODY = YES;
				CLANG_WARN_ENUM_CONVERSION = YES;
				CLANG_WARN_INFINITE_RECURSION = YES;
				CLANG_WARN_INT_CONVERSION = YES;
				CLANG_WARN_NON_LITERAL_NULL_CONVERSION = YES;
				CLANG_WARN_OBJC_IMPLICIT_RETAIN_SELF = YES;
				CLANG_WARN_OBJC_LITERAL_CONVERSION = YES;
				CLANG_WARN_OBJC_ROOT_CLASS = YES_ERROR;
				CLANG_WARN_QUOTED_INCLUDE_IN_FRAMEWORK_HEADER = YES;
				CLANG_WARN_RANGE_LOOP_ANALYSIS = YES;
				CLANG_WARN_STRICT_PROTOTYPES = YES;
				CLANG_WARN_SUSPICIOUS_MOVE = YES;
				CLANG_WARN_UNGUARDED_AVAILABILITY = YES_AGGRESSIVE;
				CLANG_WARN_UNREACHABLE_CODE = YES;
				CLANG_WARN__DUPLICATE_METHOD_MATCH = YES;
				COPY_PHASE_STRIP = NO;
				DEBUG_INFORMATION_FORMAT = "dwarf-with-dsym";
				ENABLE_NS_ASSERTIONS = NO;
				ENABLE_STRICT_OBJC_MSGSEND = YES;
				GCC_C_LANGUAGE_STANDARD = gnu11;
				GCC_NO_COMMON_BLOCKS = YES;
				GCC_WARN_64_TO_32_BIT_CONVERSION = YES;
				GCC_WARN_ABOUT_RETURN_TYPE = YES_ERROR;
				GCC_WARN_UNDECLARED_SELECTOR = YES;
				GCC_WARN_UNINITIALIZED_AUTOS = YES_AGGRESSIVE;
				GCC_WARN_UNUSED_FUNCTION = YES;
				GCC_WARN_UNUSED_VARIABLE = YES;
				IPHONEOS_DEPLOYMENT_TARGET = 15.2;
				MTL_ENABLE_DEBUG_INFO = NO;
				MTL_FAST_MATH = YES;
				SDKROOT = iphoneos;
				SWIFT_COMPILATION_MODE = wholemodule;
				SWIFT_OPTIMIZATION_LEVEL = "-O";
				VALIDATE_PRODUCT = YES;
			};
			name = Release;
		};
		17DD1A5827D52D03008BDDFB /* Debug */ = {
			isa = XCBuildConfiguration;
			buildSettings = {
				ASSETCATALOG_COMPILER_APPICON_NAME = AppIcon;
				ASSETCATALOG_COMPILER_GLOBAL_ACCENT_COLOR_NAME = AccentColor;
				CODE_SIGN_STYLE = Automatic;
				CURRENT_PROJECT_VERSION = 1;
				DEVELOPMENT_TEAM = 2PK3AK39ZD;
				GENERATE_INFOPLIST_FILE = YES;
				INFOPLIST_FILE = "IMC-Calc/Info.plist";
				INFOPLIST_KEY_UIApplicationSupportsIndirectInputEvents = YES;
				INFOPLIST_KEY_UILaunchStoryboardName = LaunchScreen;
				INFOPLIST_KEY_UIMainStoryboardFile = Main;
				INFOPLIST_KEY_UISupportedInterfaceOrientations_iPad = "UIInterfaceOrientationPortrait UIInterfaceOrientationPortraitUpsideDown UIInterfaceOrientationLandscapeLeft UIInterfaceOrientationLandscapeRight";
				INFOPLIST_KEY_UISupportedInterfaceOrientations_iPhone = "UIInterfaceOrientationPortrait UIInterfaceOrientationLandscapeLeft UIInterfaceOrientationLandscapeRight";
				LD_RUNPATH_SEARCH_PATHS = (
					"$(inherited)",
					"@executable_path/Frameworks",
				);
				MARKETING_VERSION = 1.0;
				PRODUCT_BUNDLE_IDENTIFIER = "Filipe-Souza.IMC-Calc";
				PRODUCT_NAME = "$(TARGET_NAME)";
				SWIFT_EMIT_LOC_STRINGS = YES;
				SWIFT_VERSION = 5.0;
				TARGETED_DEVICE_FAMILY = "1,2";
			};
			name = Debug;
		};
		17DD1A5927D52D03008BDDFB /* Release */ = {
			isa = XCBuildConfiguration;
			buildSettings = {
				ASSETCATALOG_COMPILER_APPICON_NAME = AppIcon;
				ASSETCATALOG_COMPILER_GLOBAL_ACCENT_COLOR_NAME = AccentColor;
				CODE_SIGN_STYLE = Automatic;
				CURRENT_PROJECT_VERSION = 1;
				DEVELOPMENT_TEAM = 2PK3AK39ZD;
				GENERATE_INFOPLIST_FILE = YES;
				INFOPLIST_FILE = "IMC-Calc/Info.plist";
				INFOPLIST_KEY_UIApplicationSupportsIndirectInputEvents = YES;
				INFOPLIST_KEY_UILaunchStoryboardName = LaunchScreen;
				INFOPLIST_KEY_UIMainStoryboardFile = Main;
				INFOPLIST_KEY_UISupportedInterfaceOrientations_iPad = "UIInterfaceOrientationPortrait UIInterfaceOrientationPortraitUpsideDown UIInterfaceOrientationLandscapeLeft UIInterfaceOrientationLandscapeRight";
				INFOPLIST_KEY_UISupportedInterfaceOrientations_iPhone = "UIInterfaceOrientationPortrait UIInterfaceOrientationLandscapeLeft UIInterfaceOrientationLandscapeRight";
				LD_RUNPATH_SEARCH_PATHS = (
					"$(inherited)",
					"@executable_path/Frameworks",
				);
				MARKETING_VERSION = 1.0;
				PRODUCT_BUNDLE_IDENTIFIER = "Filipe-Souza.IMC-Calc";
				PRODUCT_NAME = "$(TARGET_NAME)";
				SWIFT_EMIT_LOC_STRINGS = YES;
				SWIFT_VERSION = 5.0;
				TARGETED_DEVICE_FAMILY = "1,2";
			};
			name = Release;
		};
		17DD1A5B27D52D03008BDDFB /* Debug */ = {
			isa = XCBuildConfiguration;
			buildSettings = {
				ALWAYS_EMBED_SWIFT_STANDARD_LIBRARIES = YES;
				BUNDLE_LOADER = "$(TEST_HOST)";
				CODE_SIGN_STYLE = Automatic;
				CURRENT_PROJECT_VERSION = 1;
				DEVELOPMENT_TEAM = 2PK3AK39ZD;
				GENERATE_INFOPLIST_FILE = YES;
				IPHONEOS_DEPLOYMENT_TARGET = 15.2;
				MARKETING_VERSION = 1.0;
				PRODUCT_BUNDLE_IDENTIFIER = "Filipe-Souza.IMC-CalcTests";
				PRODUCT_NAME = "$(TARGET_NAME)";
				SWIFT_EMIT_LOC_STRINGS = NO;
				SWIFT_VERSION = 5.0;
				TARGETED_DEVICE_FAMILY = "1,2";
				TEST_HOST = "$(BUILT_PRODUCTS_DIR)/IMC-Calc.app/IMC-Calc";
			};
			name = Debug;
		};
		17DD1A5C27D52D03008BDDFB /* Release */ = {
			isa = XCBuildConfiguration;
			buildSettings = {
				ALWAYS_EMBED_SWIFT_STANDARD_LIBRARIES = YES;
				BUNDLE_LOADER = "$(TEST_HOST)";
				CODE_SIGN_STYLE = Automatic;
				CURRENT_PROJECT_VERSION = 1;
				DEVELOPMENT_TEAM = 2PK3AK39ZD;
				GENERATE_INFOPLIST_FILE = YES;
				IPHONEOS_DEPLOYMENT_TARGET = 15.2;
				MARKETING_VERSION = 1.0;
				PRODUCT_BUNDLE_IDENTIFIER = "Filipe-Souza.IMC-CalcTests";
				PRODUCT_NAME = "$(TARGET_NAME)";
				SWIFT_EMIT_LOC_STRINGS = NO;
				SWIFT_VERSION = 5.0;
				TARGETED_DEVICE_FAMILY = "1,2";
				TEST_HOST = "$(BUILT_PRODUCTS_DIR)/IMC-Calc.app/IMC-Calc";
			};
			name = Release;
		};
		17DD1A5E27D52D03008BDDFB /* Debug */ = {
			isa = XCBuildConfiguration;
			buildSettings = {
				ALWAYS_EMBED_SWIFT_STANDARD_LIBRARIES = YES;
				CODE_SIGN_STYLE = Automatic;
				CURRENT_PROJECT_VERSION = 1;
				DEVELOPMENT_TEAM = 2PK3AK39ZD;
				GENERATE_INFOPLIST_FILE = YES;
				MARKETING_VERSION = 1.0;
				PRODUCT_BUNDLE_IDENTIFIER = "Filipe-Souza.IMC-CalcUITests";
				PRODUCT_NAME = "$(TARGET_NAME)";
				SWIFT_EMIT_LOC_STRINGS = NO;
				SWIFT_VERSION = 5.0;
				TARGETED_DEVICE_FAMILY = "1,2";
				TEST_TARGET_NAME = "IMC-Calc";
			};
			name = Debug;
		};
		17DD1A5F27D52D03008BDDFB /* Release */ = {
			isa = XCBuildConfiguration;
			buildSettings = {
				ALWAYS_EMBED_SWIFT_STANDARD_LIBRARIES = YES;
				CODE_SIGN_STYLE = Automatic;
				CURRENT_PROJECT_VERSION = 1;
				DEVELOPMENT_TEAM = 2PK3AK39ZD;
				GENERATE_INFOPLIST_FILE = YES;
				MARKETING_VERSION = 1.0;
				PRODUCT_BUNDLE_IDENTIFIER = "Filipe-Souza.IMC-CalcUITests";
				PRODUCT_NAME = "$(TARGET_NAME)";
				SWIFT_EMIT_LOC_STRINGS = NO;
				SWIFT_VERSION = 5.0;
				TARGETED_DEVICE_FAMILY = "1,2";
				TEST_TARGET_NAME = "IMC-Calc";
			};
			name = Release;
		};
/* End XCBuildConfiguration section */

/* Begin XCConfigurationList section */
		17DD1A2827D52D01008BDDFB /* Build configuration list for PBXProject "IMC-Calc" */ = {
			isa = XCConfigurationList;
			buildConfigurations = (
				17DD1A5527D52D03008BDDFB /* Debug */,
				17DD1A5627D52D03008BDDFB /* Release */,
			);
			defaultConfigurationIsVisible = 0;
			defaultConfigurationName = Release;
		};
		17DD1A5727D52D03008BDDFB /* Build configuration list for PBXNativeTarget "IMC-Calc" */ = {
			isa = XCConfigurationList;
			buildConfigurations = (
				17DD1A5827D52D03008BDDFB /* Debug */,
				17DD1A5927D52D03008BDDFB /* Release */,
			);
			defaultConfigurationIsVisible = 0;
			defaultConfigurationName = Release;
		};
		17DD1A5A27D52D03008BDDFB /* Build configuration list for PBXNativeTarget "IMC-CalcTests" */ = {
			isa = XCConfigurationList;
			buildConfigurations = (
				17DD1A5B27D52D03008BDDFB /* Debug */,
				17DD1A5C27D52D03008BDDFB /* Release */,
			);
			defaultConfigurationIsVisible = 0;
			defaultConfigurationName = Release;
		};
		17DD1A5D27D52D03008BDDFB /* Build configuration list for PBXNativeTarget "IMC-CalcUITests" */ = {
			isa = XCConfigurationList;
			buildConfigurations = (
				17DD1A5E27D52D03008BDDFB /* Debug */,
				17DD1A5F27D52D03008BDDFB /* Release */,
			);
			defaultConfigurationIsVisible = 0;
			defaultConfigurationName = Release;
		};
/* End XCConfigurationList section */
	};
	rootObject = 17DD1A2527D52D01008BDDFB /* Project object */;
}
